
Microsoft Visual Studio Solution File, Format Version 12.00
# Visual Studio Version 17
VisualStudioVersion = 17.5.002.0
MinimumVisualStudioVersion = 10.0.40219.1
Project("{9A19103F-16F7-4668-BE54-9A1E7A4F7556}") = "LibraryManagement", "LibraryManagement.csproj", "{97D1DA0A-2DA9-46AA-ADF5-E168A8B2852F}"
EndProject
Global
	GlobalSection(SolutionConfigurationPlatforms) = preSolution
		Debug|Any CPU = Debug|Any CPU
		Release|Any CPU = Release|Any CPU
	EndGlobalSection
	GlobalSection(ProjectConfigurationPlatforms) = postSolution
		{97D1DA0A-2DA9-46AA-ADF5-E168A8B2852F}.Debug|Any CPU.ActiveCfg = Debug|Any CPU
		{97D1DA0A-2DA9-46AA-ADF5-E168A8B2852F}.Debug|Any CPU.Build.0 = Debug|Any CPU
		{97D1DA0A-2DA9-46AA-ADF5-E168A8B2852F}.Release|Any CPU.ActiveCfg = Release|Any CPU
		{97D1DA0A-2DA9-46AA-ADF5-E168A8B2852F}.Release|Any CPU.Build.0 = Release|Any CPU
	EndGlobalSection
	GlobalSection(SolutionProperties) = preSolution
		HideSolutionNode = FALSE
	EndGlobalSection
	GlobalSection(ExtensibilityGlobals) = postSolution
		SolutionGuid = {4813560B-8E15-440E-B626-F8F72F7B16B3}
	EndGlobalSection
EndGlobal
